
Microsoft Visual Studio Solution File, Format Version 12.00
# Visual Studio Version 17
VisualStudioVersion = 17.0.31912.275
MinimumVisualStudioVersion = 10.0.40219.1
Project("{FAE04EC0-301F-11D3-BF4B-00C04F79EFBC}") = "MinimalApi", "MinimalApi\MinimalApi.csproj", "{043B3418-BC55-436A-8A42-82F6B55DCFFE}"
EndProject
Global
	GlobalSection(SolutionConfigurationPlatforms) = preSolution
		Debug|Any CPU = Debug|Any CPU
		Release|Any CPU = Release|Any CPU
	EndGlobalSection
	GlobalSection(ProjectConfigurationPlatforms) = postSolution
		{043B3418-BC55-436A-8A42-82F6B55DCFFE}.Debug|Any CPU.ActiveCfg = Debug|Any CPU
		{043B3418-BC55-436A-8A42-82F6B55DCFFE}.Debug|Any CPU.Build.0 = Debug|Any CPU
		{043B3418-BC55-436A-8A42-82F6B55DCFFE}.Release|Any CPU.ActiveCfg = Release|Any CPU
		{043B3418-BC55-436A-8A42-82F6B55DCFFE}.Release|Any CPU.Build.0 = Release|Any CPU
	EndGlobalSection
	GlobalSection(SolutionProperties) = preSolution
		HideSolutionNode = FALSE
	EndGlobalSection
	GlobalSection(ExtensibilityGlobals) = postSolution
		SolutionGuid = {C037AB2C-75C5-4DDC-8BD4-D6601DD045E4}
	EndGlobalSection
EndGlobal
